
Microsoft Visual Studio Solution File, Format Version 12.00
# Visual Studio Version 17
VisualStudioVersion = 17.3.32825.248
MinimumVisualStudioVersion = 10.0.40219.1
Project("{FAE04EC0-301F-11D3-BF4B-00C04F79EFBC}") = "proyectoindicadores2", "proyectoindicadores2.csproj", "{1F44EF6B-D62D-410D-95AA-6DCBE2C525E6}"
EndProject
Global
	GlobalSection(SolutionConfigurationPlatforms) = preSolution
		Debug|Any CPU = Debug|Any CPU
		Release|Any CPU = Release|Any CPU
	EndGlobalSection
	GlobalSection(ProjectConfigurationPlatforms) = postSolution
		{1F44EF6B-D62D-410D-95AA-6DCBE2C525E6}.Debug|Any CPU.ActiveCfg = Debug|Any CPU
		{1F44EF6B-D62D-410D-95AA-6DCBE2C525E6}.Debug|Any CPU.Build.0 = Debug|Any CPU
		{1F44EF6B-D62D-410D-95AA-6DCBE2C525E6}.Release|Any CPU.ActiveCfg = Release|Any CPU
		{1F44EF6B-D62D-410D-95AA-6DCBE2C525E6}.Release|Any CPU.Build.0 = Release|Any CPU
	EndGlobalSection
	GlobalSection(SolutionProperties) = preSolution
		HideSolutionNode = FALSE
	EndGlobalSection
	GlobalSection(ExtensibilityGlobals) = postSolution
		SolutionGuid = {1D9926B1-DED2-4818-83ED-0BDBD879EFAA}
	EndGlobalSection
EndGlobal
